
Microsoft Visual Studio Solution File, Format Version 12.00
# Visual Studio Version 16
VisualStudioVersion = 16.0.29102.190
MinimumVisualStudioVersion = 10.0.40219.1
Project("{FAE04EC0-301F-11D3-BF4B-00C04F79EFBC}") = "backend-test", "backend-test\backend-test.csproj", "{0ACE0FF5-8062-4D96-8B24-12D0682AB922}"
EndProject
Project("{FAE04EC0-301F-11D3-BF4B-00C04F79EFBC}") = "backend-test.Domain", "backend-test.Domain\backend-test.Domain.csproj", "{73611CC1-B8E6-412C-9A9D-3852A08E08A5}"
EndProject
Project("{FAE04EC0-301F-11D3-BF4B-00C04F79EFBC}") = "backend-test.Infra", "backend-test.Infra\backend-test.Infra.csproj", "{747E4078-60B6-4400-B4E0-F1923869CB70}"
EndProject
Project("{FAE04EC0-301F-11D3-BF4B-00C04F79EFBC}") = "backend-test.Shared", "backend-test.Shared\backend-test.Shared.csproj", "{D4E4C8B0-AF8E-4A90-B571-0000B9F398E0}"
EndProject
Project("{FAE04EC0-301F-11D3-BF4B-00C04F79EFBC}") = "backend-test.Tests", "backend-test.Tests\backend-test.Tests.csproj", "{AAE5021A-B064-42AB-BEC7-C30A667C9662}"
EndProject
Global
	GlobalSection(SolutionConfigurationPlatforms) = preSolution
		Debug|Any CPU = Debug|Any CPU
		Release|Any CPU = Release|Any CPU
	EndGlobalSection
	GlobalSection(ProjectConfigurationPlatforms) = postSolution
		{0ACE0FF5-8062-4D96-8B24-12D0682AB922}.Debug|Any CPU.ActiveCfg = Debug|Any CPU
		{0ACE0FF5-8062-4D96-8B24-12D0682AB922}.Debug|Any CPU.Build.0 = Debug|Any CPU
		{0ACE0FF5-8062-4D96-8B24-12D0682AB922}.Release|Any CPU.ActiveCfg = Release|Any CPU
		{0ACE0FF5-8062-4D96-8B24-12D0682AB922}.Release|Any CPU.Build.0 = Release|Any CPU
		{73611CC1-B8E6-412C-9A9D-3852A08E08A5}.Debug|Any CPU.ActiveCfg = Debug|Any CPU
		{73611CC1-B8E6-412C-9A9D-3852A08E08A5}.Debug|Any CPU.Build.0 = Debug|Any CPU
		{73611CC1-B8E6-412C-9A9D-3852A08E08A5}.Release|Any CPU.ActiveCfg = Release|Any CPU
		{73611CC1-B8E6-412C-9A9D-3852A08E08A5}.Release|Any CPU.Build.0 = Release|Any CPU
		{747E4078-60B6-4400-B4E0-F1923869CB70}.Debug|Any CPU.ActiveCfg = Debug|Any CPU
		{747E4078-60B6-4400-B4E0-F1923869CB70}.Debug|Any CPU.Build.0 = Debug|Any CPU
		{747E4078-60B6-4400-B4E0-F1923869CB70}.Release|Any CPU.ActiveCfg = Release|Any CPU
		{747E4078-60B6-4400-B4E0-F1923869CB70}.Release|Any CPU.Build.0 = Release|Any CPU
		{D4E4C8B0-AF8E-4A90-B571-0000B9F398E0}.Debug|Any CPU.ActiveCfg = Debug|Any CPU
		{D4E4C8B0-AF8E-4A90-B571-0000B9F398E0}.Debug|Any CPU.Build.0 = Debug|Any CPU
		{D4E4C8B0-AF8E-4A90-B571-0000B9F398E0}.Release|Any CPU.ActiveCfg = Release|Any CPU
		{D4E4C8B0-AF8E-4A90-B571-0000B9F398E0}.Release|Any CPU.Build.0 = Release|Any CPU
		{AAE5021A-B064-42AB-BEC7-C30A667C9662}.Debug|Any CPU.ActiveCfg = Debug|Any CPU
		{AAE5021A-B064-42AB-BEC7-C30A667C9662}.Debug|Any CPU.Build.0 = Debug|Any CPU
		{AAE5021A-B064-42AB-BEC7-C30A667C9662}.Release|Any CPU.ActiveCfg = Release|Any CPU
		{AAE5021A-B064-42AB-BEC7-C30A667C9662}.Release|Any CPU.Build.0 = Release|Any CPU
	EndGlobalSection
	GlobalSection(SolutionProperties) = preSolution
		HideSolutionNode = FALSE
	EndGlobalSection
	GlobalSection(ExtensibilityGlobals) = postSolution
		SolutionGuid = {1A2B1FE4-C98D-4C0E-A83A-20C8BBB9FA79}
	EndGlobalSection
EndGlobal
